
Microsoft Visual Studio Solution File, Format Version 12.00
# Visual Studio Version 17
VisualStudioVersion = 17.14.36518.9 d17.14
MinimumVisualStudioVersion = 10.0.40219.1
Project("{FAE04EC0-301F-11D3-BF4B-00C04F79EFBC}") = "BusinessObjects", "BusinessObjects\BusinessObjects.csproj", "{7576A977-B18D-4E22-A967-CFBB0C028A1C}"
EndProject
Project("{FAE04EC0-301F-11D3-BF4B-00C04F79EFBC}") = "DataAccessObjects", "DataAccessObjects\DataAccessObjects.csproj", "{D7948524-B751-4950-ABDD-BF2F6DE68479}"
EndProject
Project("{FAE04EC0-301F-11D3-BF4B-00C04F79EFBC}") = "Repositories", "Repositories\Repositories.csproj", "{D856DA00-0C55-4017-A03D-805965F1608C}"
EndProject
Project("{FAE04EC0-301F-11D3-BF4B-00C04F79EFBC}") = "Services", "Services\Services.csproj", "{C08F2CE8-D775-49B3-833B-FF33BBD0CF45}"
EndProject
Project("{FAE04EC0-301F-11D3-BF4B-00C04F79EFBC}") = "HotelManagement", "HotelManagement\HotelManagement.csproj", "{9CDB2F4B-2337-4706-A827-80CEE2B806D0}"
EndProject
Global
	GlobalSection(SolutionConfigurationPlatforms) = preSolution
		Debug|Any CPU = Debug|Any CPU
		Release|Any CPU = Release|Any CPU
	EndGlobalSection
	GlobalSection(ProjectConfigurationPlatforms) = postSolution
		{7576A977-B18D-4E22-A967-CFBB0C028A1C}.Debug|Any CPU.ActiveCfg = Debug|Any CPU
		{7576A977-B18D-4E22-A967-CFBB0C028A1C}.Debug|Any CPU.Build.0 = Debug|Any CPU
		{7576A977-B18D-4E22-A967-CFBB0C028A1C}.Release|Any CPU.ActiveCfg = Release|Any CPU
		{7576A977-B18D-4E22-A967-CFBB0C028A1C}.Release|Any CPU.Build.0 = Release|Any CPU
		{D7948524-B751-4950-ABDD-BF2F6DE68479}.Debug|Any CPU.ActiveCfg = Debug|Any CPU
		{D7948524-B751-4950-ABDD-BF2F6DE68479}.Debug|Any CPU.Build.0 = Debug|Any CPU
		{D7948524-B751-4950-ABDD-BF2F6DE68479}.Release|Any CPU.ActiveCfg = Release|Any CPU
		{D7948524-B751-4950-ABDD-BF2F6DE68479}.Release|Any CPU.Build.0 = Release|Any CPU
		{D856DA00-0C55-4017-A03D-805965F1608C}.Debug|Any CPU.ActiveCfg = Debug|Any CPU
		{D856DA00-0C55-4017-A03D-805965F1608C}.Debug|Any CPU.Build.0 = Debug|Any CPU
		{D856DA00-0C55-4017-A03D-805965F1608C}.Release|Any CPU.ActiveCfg = Release|Any CPU
		{D856DA00-0C55-4017-A03D-805965F1608C}.Release|Any CPU.Build.0 = Release|Any CPU
		{C08F2CE8-D775-49B3-833B-FF33BBD0CF45}.Debug|Any CPU.ActiveCfg = Debug|Any CPU
		{C08F2CE8-D775-49B3-833B-FF33BBD0CF45}.Debug|Any CPU.Build.0 = Debug|Any CPU
		{C08F2CE8-D775-49B3-833B-FF33BBD0CF45}.Release|Any CPU.ActiveCfg = Release|Any CPU
		{C08F2CE8-D775-49B3-833B-FF33BBD0CF45}.Release|Any CPU.Build.0 = Release|Any CPU
		{9CDB2F4B-2337-4706-A827-80CEE2B806D0}.Debug|Any CPU.ActiveCfg = Debug|Any CPU
		{9CDB2F4B-2337-4706-A827-80CEE2B806D0}.Debug|Any CPU.Build.0 = Debug|Any CPU
		{9CDB2F4B-2337-4706-A827-80CEE2B806D0}.Release|Any CPU.ActiveCfg = Release|Any CPU
		{9CDB2F4B-2337-4706-A827-80CEE2B806D0}.Release|Any CPU.Build.0 = Release|Any CPU
	EndGlobalSection
	GlobalSection(SolutionProperties) = preSolution
		HideSolutionNode = FALSE
	EndGlobalSection
	GlobalSection(ExtensibilityGlobals) = postSolution
		SolutionGuid = {16840DA8-AD2E-4954-ABB9-D79EA51E3A4B}
	EndGlobalSection
EndGlobal
